// !$*UTF8*$!
{
	archiveVersion = 1;
	classes = {
	};
	objectVersion = 50;
	objects = {

/* Begin PBXBuildFile section */
		614C3F7923CD87B600F382C1 /* AppDelegate.swift in Sources */ = {isa = PBXBuildFile; fileRef = 614C3F7823CD87B600F382C1 /* AppDelegate.swift */; };
		614C3F7B23CD87B600F382C1 /* SceneDelegate.swift in Sources */ = {isa = PBXBuildFile; fileRef = 614C3F7A23CD87B600F382C1 /* SceneDelegate.swift */; };
		614C3F7D23CD87B600F382C1 /* ViewController.swift in Sources */ = {isa = PBXBuildFile; fileRef = 614C3F7C23CD87B600F382C1 /* ViewController.swift */; };
		614C3F8023CD87B600F382C1 /* Main.storyboard in Resources */ = {isa = PBXBuildFile; fileRef = 614C3F7E23CD87B600F382C1 /* Main.storyboard */; };
		614C3F8223CD87B700F382C1 /* Assets.xcassets in Resources */ = {isa = PBXBuildFile; fileRef = 614C3F8123CD87B700F382C1 /* Assets.xcassets */; };
		614C3F8523CD87B700F382C1 /* LaunchScreen.storyboard in Resources */ = {isa = PBXBuildFile; fileRef = 614C3F8323CD87B700F382C1 /* LaunchScreen.storyboard */; };
		614C3F8D23CD883500F382C1 /* PainterView.swift in Sources */ = {isa = PBXBuildFile; fileRef = 614C3F8C23CD883500F382C1 /* PainterView.swift */; };
		614C3F9023CDA21400F382C1 /* MyDrawingShapeLayer.swift in Sources */ = {isa = PBXBuildFile; fileRef = 614C3F8F23CDA21400F382C1 /* MyDrawingShapeLayer.swift */; };
		614C3F9423D011B800F382C1 /* LayerDelegate.swift in Sources */ = {isa = PBXBuildFile; fileRef = 614C3F9323D011B800F382C1 /* LayerDelegate.swift */; };
/* End PBXBuildFile section */

/* Begin PBXFileReference section */
		614C3F7523CD87B600F382C1 /* MyPainter.app */ = {isa = PBXFileReference; explicitFileType = wrapper.application; includeInIndex = 0; path = MyPainter.app; sourceTree = BUILT_PRODUCTS_DIR; };
		614C3F7823CD87B600F382C1 /* AppDelegate.swift */ = {isa = PBXFileReference; lastKnownFileType = sourcecode.swift; path = AppDelegate.swift; sourceTree = "<group>"; };
		614C3F7A23CD87B600F382C1 /* SceneDelegate.swift */ = {isa = PBXFileReference; lastKnownFileType = sourcecode.swift; path = SceneDelegate.swift; sourceTree = "<group>"; };
		614C3F7C23CD87B600F382C1 /* ViewController.swift */ = {isa = PBXFileReference; lastKnownFileType = sourcecode.swift; path = ViewController.swift; sourceTree = "<group>"; };
		614C3F7F23CD87B600F382C1 /* Base */ = {isa = PBXFileReference; lastKnownFileType = file.storyboard; name = Base; path = Base.lproj/Main.storyboard; sourceTree = "<group>"; };
		614C3F8123CD87B700F382C1 /* Assets.xcassets */ = {isa = PBXFileReference; lastKnownFileType = folder.assetcatalog; path = Assets.xcassets; sourceTree = "<group>"; };
		614C3F8423CD87B700F382C1 /* Base */ = {isa = PBXFileReference; lastKnownFileType = file.storyboard; name = Base; path = Base.lproj/LaunchScreen.storyboard; sourceTree = "<group>"; };
		614C3F8623CD87B700F382C1 /* Info.plist */ = {isa = PBXFileReference; lastKnownFileType = text.plist.xml; path = Info.plist; sourceTree = "<group>"; };
		614C3F8C23CD883500F382C1 /* PainterView.swift */ = {isa = PBXFileReference; fileEncoding = 4; lastKnownFileType = sourcecode.swift; path = PainterView.swift; sourceTree = "<group>"; };
		614C3F8F23CDA21400F382C1 /* MyDrawingShapeLayer.swift */ = {isa = PBXFileReference; lastKnownFileType = sourcecode.swift; path = MyDrawingShapeLayer.swift; sourceTree = "<group>"; };
		614C3F9323D011B800F382C1 /* LayerDelegate.swift */ = {isa = PBXFileReference; lastKnownFileType = sourcecode.swift; path = LayerDelegate.swift; sourceTree = "<group>"; };
/* End PBXFileReference section */

/* Begin PBXFrameworksBuildPhase section */
		614C3F7223CD87B600F382C1 /* Frameworks */ = {
			isa = PBXFrameworksBuildPhase;
			buildActionMask = 2147483647;
			files = (
			);
			runOnlyForDeploymentPostprocessing = 0;
		};
/* End PBXFrameworksBuildPhase section */

/* Begin PBXGroup section */
		614C3F6C23CD87B600F382C1 = {
			isa = PBXGroup;
			children = (
				614C3F7723CD87B600F382C1 /* MyPainter */,
				614C3F7623CD87B600F382C1 /* Products */,
			);
			sourceTree = "<group>";
		};
		614C3F7623CD87B600F382C1 /* Products */ = {
			isa = PBXGroup;
			children = (
				614C3F7523CD87B600F382C1 /* MyPainter.app */,
			);
			name = Products;
			sourceTree = "<group>";
		};
		614C3F7723CD87B600F382C1 /* MyPainter */ = {
			isa = PBXGroup;
			children = (
				614C3F8E23CDA1FB00F382C1 /* SubClass */,
				614C3F7823CD87B600F382C1 /* AppDelegate.swift */,
				614C3F8123CD87B700F382C1 /* Assets.xcassets */,
				614C3F8623CD87B700F382C1 /* Info.plist */,
				614C3F8323CD87B700F382C1 /* LaunchScreen.storyboard */,
				614C3F7E23CD87B600F382C1 /* Main.storyboard */,
				614C3F8C23CD883500F382C1 /* PainterView.swift */,
				614C3F7A23CD87B600F382C1 /* SceneDelegate.swift */,
				614C3F7C23CD87B600F382C1 /* ViewController.swift */,
			);
			path = MyPainter;
			sourceTree = "<group>";
		};
		614C3F8E23CDA1FB00F382C1 /* SubClass */ = {
			isa = PBXGroup;
			children = (
				614C3F8F23CDA21400F382C1 /* MyDrawingShapeLayer.swift */,
				614C3F9323D011B800F382C1 /* LayerDelegate.swift */,
			);
			path = SubClass;
			sourceTree = "<group>";
		};
/* End PBXGroup section */

/* Begin PBXNativeTarget section */
		614C3F7423CD87B600F382C1 /* MyPainter */ = {
			isa = PBXNativeTarget;
			buildConfigurationList = 614C3F8923CD87B700F382C1 /* Build configuration list for PBXNativeTarget "MyPainter" */;
			buildPhases = (
				614C3F7123CD87B600F382C1 /* Sources */,
				614C3F7223CD87B600F382C1 /* Frameworks */,
				614C3F7323CD87B600F382C1 /* Resources */,
			);
			buildRules = (
			);
			dependencies = (
			);
			name = MyPainter;
			productName = MyPainter;
			productReference = 614C3F7523CD87B600F382C1 /* MyPainter.app */;
			productType = "com.apple.product-type.application";
		};
/* End PBXNativeTarget section */

/* Begin PBXProject section */
		614C3F6D23CD87B600F382C1 /* Project object */ = {
			isa = PBXProject;
			attributes = {
				LastSwiftUpdateCheck = 1130;
				LastUpgradeCheck = 1130;
				ORGANIZATIONNAME = "Joseph Chen";
				TargetAttributes = {
					614C3F7423CD87B600F382C1 = {
						CreatedOnToolsVersion = 11.3;
					};
				};
			};
			buildConfigurationList = 614C3F7023CD87B600F382C1 /* Build configuration list for PBXProject "MyPainter" */;
			compatibilityVersion = "Xcode 9.3";
			developmentRegion = en;
			hasScannedForEncodings = 0;
			knownRegions = (
				en,
				Base,
			);
			mainGroup = 614C3F6C23CD87B600F382C1;
			productRefGroup = 614C3F7623CD87B600F382C1 /* Products */;
			projectDirPath = "";
			projectRoot = "";
			targets = (
				614C3F7423CD87B600F382C1 /* MyPainter */,
			);
		};
/* End PBXProject section */

/* Begin PBXResourcesBuildPhase section */
		614C3F7323CD87B600F382C1 /* Resources */ = {
			isa = PBXResourcesBuildPhase;
			buildActionMask = 2147483647;
			files = (
				614C3F8523CD87B700F382C1 /* LaunchScreen.storyboard in Resources */,
				614C3F8223CD87B700F382C1 /* Assets.xcassets in Resources */,
				614C3F8023CD87B600F382C1 /* Main.storyboard in Resources */,
			);
			runOnlyForDeploymentPostprocessing = 0;
		};
/* End PBXResourcesBuildPhase section */

/* Begin PBXSourcesBuildPhase section */
		614C3F7123CD87B600F382C1 /* Sources */ = {
			isa = PBXSourcesBuildPhase;
			buildActionMask = 2147483647;
			files = (
				614C3F7D23CD87B600F382C1 /* ViewController.swift in Sources */,
				614C3F7923CD87B600F382C1 /* AppDelegate.swift in Sources */,
				614C3F8D23CD883500F382C1 /* PainterView.swift in Sources */,
				614C3F7B23CD87B600F382C1 /* SceneDelegate.swift in Sources */,
				614C3F9423D011B800F382C1 /* LayerDelegate.swift in Sources */,
				614C3F9023CDA21400F382C1 /* MyDrawingShapeLayer.swift in Sources */,
			);
			runOnlyForDeploymentPostprocessing = 0;
		};
/* End PBXSourcesBuildPhase section */

/* Begin PBXVariantGroup section */
		614C3F7E23CD87B600F382C1 /* Main.storyboard */ = {
			isa = PBXVariantGroup;
			children = (
				614C3F7F23CD87B600F382C1 /* Base */,
			);
			name = Main.storyboard;
			sourceTree = "<group>";
		};
		614C3F8323CD87B700F382C1 /* LaunchScreen.storyboard */ = {
			isa = PBXVariantGroup;
			children = (
				614C3F8423CD87B700F382C1 /* Base */,
			);
			name = LaunchScreen.storyboard;
			sourceTree = "<group>";
		};
/* End PBXVariantGroup section */

/* Begin XCBuildConfiguration section */
		614C3F8723CD87B700F382C1 /* Debug */ = {
			isa = XCBuildConfiguration;
			buildSettings = {
				ALWAYS_SEARCH_USER_PATHS = NO;
				CLANG_ANALYZER_NONNULL = YES;
				CLANG_ANALYZER_NUMBER_OBJECT_CONVERSION = YES_AGGRESSIVE;
				CLANG_CXX_LANGUAGE_STANDARD = "gnu++14";
				CLANG_CXX_LIBRARY = "libc++";
				CLANG_ENABLE_MODULES = YES;
				CLANG_ENABLE_OBJC_ARC = YES;
				CLANG_ENABLE_OBJC_WEAK = YES;
				CLANG_WARN_BLOCK_CAPTURE_AUTORELEASING = YES;
				CLANG_WARN_BOOL_CONVERSION = YES;
				CLANG_WARN_COMMA = YES;
				CLANG_WARN_CONSTANT_CONVERSION = YES;
				CLANG_WARN_DEPRECATED_OBJC_IMPLEMENTATIONS = YES;
				CLANG_WARN_DIRECT_OBJC_ISA_USAGE = YES_ERROR;
				CLANG_WARN_DOCUMENTATION_COMMENTS = YES;
				CLANG_WARN_EMPTY_BODY = YES;
				CLANG_WARN_ENUM_CONVERSION = YES;
				CLANG_WARN_INFINITE_RECURSION = YES;
				CLANG_WARN_INT_CONVERSION = YES;
				CLANG_WARN_NON_LITERAL_NULL_CONVERSION = YES;
				CLANG_WARN_OBJC_IMPLICIT_RETAIN_SELF = YES;
				CLANG_WARN_OBJC_LITERAL_CONVERSION = YES;
				CLANG_WARN_OBJC_ROOT_CLASS = YES_ERROR;
				CLANG_WARN_RANGE_LOOP_ANALYSIS = YES;
				CLANG_WARN_STRICT_PROTOTYPES = YES;
				CLANG_WARN_SUSPICIOUS_MOVE = YES;
				CLANG_WARN_UNGUARDED_AVAILABILITY = YES_AGGRESSIVE;
				CLANG_WARN_UNREACHABLE_CODE = YES;
				CLANG_WARN__DUPLICATE_METHOD_MATCH = YES;
				COPY_PHASE_STRIP = NO;
				DEBUG_INFORMATION_FORMAT = dwarf;
				ENABLE_STRICT_OBJC_MSGSEND = YES;
				ENABLE_TESTABILITY = YES;
				GCC_C_LANGUAGE_STANDARD = gnu11;
				GCC_DYNAMIC_NO_PIC = NO;
				GCC_NO_COMMON_BLOCKS = YES;
				GCC_OPTIMIZATION_LEVEL = 0;
				GCC_PREPROCESSOR_DEFINITIONS = (
					"DEBUG=1",
					"$(inherited)",
				);
				GCC_WARN_64_TO_32_BIT_CONVERSION = YES;
				GCC_WARN_ABOUT_RETURN_TYPE = YES_ERROR;
				GCC_WARN_UNDECLARED_SELECTOR = YES;
				GCC_WARN_UNINITIALIZED_AUTOS = YES_AGGRESSIVE;
				GCC_WARN_UNUSED_FUNCTION = YES;
				GCC_WARN_UNUSED_VARIABLE = YES;
				IPHONEOS_DEPLOYMENT_TARGET = 13.2;
				MTL_ENABLE_DEBUG_INFO = INCLUDE_SOURCE;
				MTL_FAST_MATH = YES;
				ONLY_ACTIVE_ARCH = YES;
				SDKROOT = iphoneos;
				SWIFT_ACTIVE_COMPILATION_CONDITIONS = DEBUG;
				SWIFT_OPTIMIZATION_LEVEL = "-Onone";
			};
			name = Debug;
		};
		614C3F8823CD87B700F382C1 /* Release */ = {
			isa = XCBuildConfiguration;
			buildSettings = {
				ALWAYS_SEARCH_USER_PATHS = NO;
				CLANG_ANALYZER_NONNULL = YES;
				CLANG_ANALYZER_NUMBER_OBJECT_CONVERSION = YES_AGGRESSIVE;
				CLANG_CXX_LANGUAGE_STANDARD = "gnu++14";
				CLANG_CXX_LIBRARY = "libc++";
				CLANG_ENABLE_MODULES = YES;
				CLANG_ENABLE_OBJC_ARC = YES;
				CLANG_ENABLE_OBJC_WEAK = YES;
				CLANG_WARN_BLOCK_CAPTURE_AUTORELEASING = YES;
				CLANG_WARN_BOOL_CONVERSION = YES;
				CLANG_WARN_COMMA = YES;
				CLANG_WARN_CONSTANT_CONVERSION = YES;
				CLANG_WARN_DEPRECATED_OBJC_IMPLEMENTATIONS = YES;
				CLANG_WARN_DIRECT_OBJC_ISA_USAGE = YES_ERROR;
				CLANG_WARN_DOCUMENTATION_COMMENTS = YES;
				CLANG_WARN_EMPTY_BODY = YES;
				CLANG_WARN_ENUM_CONVERSION = YES;
				CLANG_WARN_INFINITE_RECURSION = YES;
				CLANG_WARN_INT_CONVERSION = YES;
				CLANG_WARN_NON_LITERAL_NULL_CONVERSION = YES;
				CLANG_WARN_OBJC_IMPLICIT_RETAIN_SELF = YES;
				CLANG_WARN_OBJC_LITERAL_CONVERSION = YES;
				CLANG_WARN_OBJC_ROOT_CLASS = YES_ERROR;
				CLANG_WARN_RANGE_LOOP_ANALYSIS = YES;
				CLANG_WARN_STRICT_PROTOTYPES = YES;
				CLANG_WARN_SUSPICIOUS_MOVE = YES;
				CLANG_WARN_UNGUARDED_AVAILABILITY = YES_AGGRESSIVE;
				CLANG_WARN_UNREACHABLE_CODE = YES;
				CLANG_WARN__DUPLICATE_METHOD_MATCH = YES;
				COPY_PHASE_STRIP = NO;
				DEBUG_INFORMATION_FORMAT = "dwarf-with-dsym";
				ENABLE_NS_ASSERTIONS = NO;
				ENABLE_STRICT_OBJC_MSGSEND = YES;
				GCC_C_LANGUAGE_STANDARD = gnu11;
				GCC_NO_COMMON_BLOCKS = YES;
				GCC_WARN_64_TO_32_BIT_CONVERSION = YES;
				GCC_WARN_ABOUT_RETURN_TYPE = YES_ERROR;
				GCC_WARN_UNDECLARED_SELECTOR = YES;
				GCC_WARN_UNINITIALIZED_AUTOS = YES_AGGRESSIVE;
				GCC_WARN_UNUSED_FUNCTION = YES;
				GCC_WARN_UNUSED_VARIABLE = YES;
				IPHONEOS_DEPLOYMENT_TARGET = 13.2;
				MTL_ENABLE_DEBUG_INFO = NO;
				MTL_FAST_MATH = YES;
				SDKROOT = iphoneos;
				SWIFT_COMPILATION_MODE = wholemodule;
				SWIFT_OPTIMIZATION_LEVEL = "-O";
				VALIDATE_PRODUCT = YES;
			};
			name = Release;
		};
		614C3F8A23CD87B700F382C1 /* Debug */ = {
			isa = XCBuildConfiguration;
			buildSettings = {
				ASSETCATALOG_COMPILER_APPICON_NAME = AppIcon;
				CODE_SIGN_STYLE = Automatic;
				DEVELOPMENT_TEAM = J7MRQB8GUG;
				INFOPLIST_FILE = MyPainter/Info.plist;
				LD_RUNPATH_SEARCH_PATHS = (
					"$(inherited)",
					"@executable_path/Frameworks",
				);
				PRODUCT_BUNDLE_IDENTIFIER = com.jojo.MyPainter;
				PRODUCT_NAME = "$(TARGET_NAME)";
				SWIFT_VERSION = 5.0;
				TARGETED_DEVICE_FAMILY = "1,2";
			};
			name = Debug;
		};
		614C3F8B23CD87B700F382C1 /* Release */ = {
			isa = XCBuildConfiguration;
			buildSettings = {
				ASSETCATALOG_COMPILER_APPICON_NAME = AppIcon;
				CODE_SIGN_STYLE = Automatic;
				DEVELOPMENT_TEAM = J7MRQB8GUG;
				INFOPLIST_FILE = MyPainter/Info.plist;
				LD_RUNPATH_SEARCH_PATHS = (
					"$(inherited)",
					"@executable_path/Frameworks",
				);
				PRODUCT_BUNDLE_IDENTIFIER = com.jojo.MyPainter;
				PRODUCT_NAME = "$(TARGET_NAME)";
				SWIFT_VERSION = 5.0;
				TARGETED_DEVICE_FAMILY = "1,2";
			};
			name = Release;
		};
/* End XCBuildConfiguration section */

/* Begin XCConfigurationList section */
		614C3F7023CD87B600F382C1 /* Build configuration list for PBXProject "MyPainter" */ = {
			isa = XCConfigurationList;
			buildConfigurations = (
				614C3F8723CD87B700F382C1 /* Debug */,
				614C3F8823CD87B700F382C1 /* Release */,
			);
			defaultConfigurationIsVisible = 0;
			defaultConfigurationName = Release;
		};
		614C3F8923CD87B700F382C1 /* Build configuration list for PBXNativeTarget "MyPainter" */ = {
			isa = XCConfigurationList;
			buildConfigurations = (
				614C3F8A23CD87B700F382C1 /* Debug */,
				614C3F8B23CD87B700F382C1 /* Release */,
			);
			defaultConfigurationIsVisible = 0;
			defaultConfigurationName = Release;
		};
/* End XCConfigurationList section */
	};
	rootObject = 614C3F6D23CD87B600F382C1 /* Project object */;
}
